{
  "version": 4,
  "terraform_version": "0.14.8",
  "serial": 10,
  "lineage": "41fa3e84-c0ed-7cdf-4bfb-4bd657cab870",
  "outputs": {},
  "resources": [
    {
      "module": "module.compute",
      "mode": "managed",
      "type": "digitalocean_droplet",
      "name": "backend",
      "provider": "provider[\"registry.terraform.io/digitalocean/digitalocean\"]",
      "instances": [
        {
          "index_key": 0,
          "schema_version": 1,
          "attributes": {
            "backups": false,
            "created_at": "2021-03-25T06:49:23Z",
            "disk": 25,
            "id": "238465660",
            "image": "ubuntu-20-04-x64",
            "ipv4_address": "174.138.39.143",
            "ipv4_address_private": "10.116.0.2",
            "ipv6": false,
            "ipv6_address": "",
            "locked": false,
            "memory": 1024,
            "monitoring": false,
            "name": "egal01-nyc1",
            "price_hourly": 0.00744,
            "price_monthly": 5,
            "private_networking": true,
            "region": "nyc1",
            "resize_disk": true,
            "size": "s-1vcpu-1gb",
            "ssh_keys": [
              "0f:e3:c8:e7:82:b0:22:5e:63:45:c6:cb:d5:6f:25:f3"
            ],
            "status": "active",
            "tags": [
              "sandbox"
            ],
            "urn": "do:droplet:238465660",
            "user_data": null,
            "vcpus": 1,
            "volume_ids": [],
            "vpc_uuid": "f917d500-860c-4908-ae06-975319c77639"
          },
          "sensitive_attributes": [],
          "private": "eyJzY2hlbWFfdmVyc2lvbiI6IjEifQ==",
          "dependencies": [
            "module.compute.digitalocean_ssh_key.default"
          ]
        }
      ]
    },
    {
      "module": "module.compute",
      "mode": "managed",
      "type": "digitalocean_ssh_key",
      "name": "default",
      "provider": "provider[\"registry.terraform.io/digitalocean/digitalocean\"]",
      "instances": [
        {
          "schema_version": 0,
          "attributes": {
            "fingerprint": "0f:e3:c8:e7:82:b0:22:5e:63:45:c6:cb:d5:6f:25:f3",
            "id": "29883920",
            "name": "egal",
            "public_key": "ssh-rsa AAAAB3NzaC1yc2EAAAADAQABAAABgQDIjOc59JYXGILaf9vo4C3ZWgcG2Oywo30hruXp14JRUxPzgAIiRk08vdjWYTsbPMazsDpYHF+LQdXLckerUGrpJ6ULiUo+png74wxiTaa5Vp88cM6bZw1mPilrXJ0XUhIiOcqJ59RmGZ1D/iUrmWvgdoFuEQXCbcFjWaKEy0GLgoYmK+TDMmYb/Dyw+jEiduVjV+BmeNtfHDA1EFuw5sOmZVg9Vj1SrDLKpX8+sJUvIzUDUAq9CEJqmR+w6VETCiqOb449xMNz0k5RC1j+AfHgxIdJoR4EWJkbAZqFNDf8LDHK0PQTVpOY9NArgXaZn+2ACVBGgEDYYG0Uq8xqdQOmAENTKCA8m1TEZHAD0yeiQ7Tc2tMb9rEnAdXOm0+Zey64q5j0hNTjKZDZ4bnjuWlxIaa2mwx+6Ug7B8aEUmz62NRwtNjNkIh1JS48snwJ2qsi7JKeUZLrZzqzr0dVlDIGM8g6FIeP6Djz8T5Lh2vlMDHwQsF+tDyXyUXQgB17aic= omarkhd@omarkhd-C02XT5XYJHD2"
          },
          "sensitive_attributes": [],
          "private": "bnVsbA=="
        }
      ]
    }
  ]
}
